
Microsoft Visual Studio Solution File, Format Version 12.00
# Visual Studio Version 17
VisualStudioVersion = 17.4.33213.308
MinimumVisualStudioVersion = 10.0.40219.1
Project("{FAE04EC0-301F-11D3-BF4B-00C04F79EFBC}") = "HW28.12.22", "HW28.12.22.csproj", "{4EA5F2A3-E11F-4B5D-B0CF-8204D09C5FCA}"
EndProject
Global
	GlobalSection(SolutionConfigurationPlatforms) = preSolution
		Debug|Any CPU = Debug|Any CPU
		Release|Any CPU = Release|Any CPU
	EndGlobalSection
	GlobalSection(ProjectConfigurationPlatforms) = postSolution
		{4EA5F2A3-E11F-4B5D-B0CF-8204D09C5FCA}.Debug|Any CPU.ActiveCfg = Debug|Any CPU
		{4EA5F2A3-E11F-4B5D-B0CF-8204D09C5FCA}.Debug|Any CPU.Build.0 = Debug|Any CPU
		{4EA5F2A3-E11F-4B5D-B0CF-8204D09C5FCA}.Release|Any CPU.ActiveCfg = Release|Any CPU
		{4EA5F2A3-E11F-4B5D-B0CF-8204D09C5FCA}.Release|Any CPU.Build.0 = Release|Any CPU
	EndGlobalSection
	GlobalSection(SolutionProperties) = preSolution
		HideSolutionNode = FALSE
	EndGlobalSection
	GlobalSection(ExtensibilityGlobals) = postSolution
		SolutionGuid = {6C4BC489-7D63-40BD-B3F3-34C989312607}
	EndGlobalSection
EndGlobal
