
Microsoft Visual Studio Solution File, Format Version 12.00
# Visual Studio Version 17
VisualStudioVersion = 17.4.33110.190
MinimumVisualStudioVersion = 10.0.40219.1
Project("{FAE04EC0-301F-11D3-BF4B-00C04F79EFBC}") = "HW07.12.22", "HW07.12.22.csproj", "{94BDD2D3-042D-47D6-A1B6-AE854DB5CFD7}"
EndProject
Global
	GlobalSection(SolutionConfigurationPlatforms) = preSolution
		Debug|Any CPU = Debug|Any CPU
		Release|Any CPU = Release|Any CPU
	EndGlobalSection
	GlobalSection(ProjectConfigurationPlatforms) = postSolution
		{94BDD2D3-042D-47D6-A1B6-AE854DB5CFD7}.Debug|Any CPU.ActiveCfg = Debug|Any CPU
		{94BDD2D3-042D-47D6-A1B6-AE854DB5CFD7}.Debug|Any CPU.Build.0 = Debug|Any CPU
		{94BDD2D3-042D-47D6-A1B6-AE854DB5CFD7}.Release|Any CPU.ActiveCfg = Release|Any CPU
		{94BDD2D3-042D-47D6-A1B6-AE854DB5CFD7}.Release|Any CPU.Build.0 = Release|Any CPU
	EndGlobalSection
	GlobalSection(SolutionProperties) = preSolution
		HideSolutionNode = FALSE
	EndGlobalSection
	GlobalSection(ExtensibilityGlobals) = postSolution
		SolutionGuid = {B09F7E7A-710D-4BEA-A63A-35B7513D20BF}
	EndGlobalSection
EndGlobal
